
Microsoft Visual Studio Solution File, Format Version 12.00
# Visual Studio 2013
VisualStudioVersion = 12.0.21005.1
MinimumVisualStudioVersion = 10.0.40219.1
Project("{FAE04EC0-301F-11D3-BF4B-00C04F79EFBC}") = "SOEDU", "SOEDU\SOEDU.csproj", "{BC91F1A3-F5FE-481A-9B81-21EDC151FCCB}"
EndProject
Project("{FAE04EC0-301F-11D3-BF4B-00C04F79EFBC}") = "SOEDU.Tests", "SOEDU.Tests\SOEDU.Tests.csproj", "{54DF56D1-AD18-434A-9EF3-1DFFE090E8FF}"
EndProject
Project("{FAE04EC0-301F-11D3-BF4B-00C04F79EFBC}") = "SOEDU.API", "SOEDU.API\SOEDU.API.csproj", "{9C1BDE1D-96BF-468D-BE69-59D8B4D55D35}"
EndProject
Project("{FAE04EC0-301F-11D3-BF4B-00C04F79EFBC}") = "SOEDU.Common", "SOEDU.Common\SOEDU.Common.csproj", "{E6590E81-254C-47F7-8E18-2CCC886EAF87}"
EndProject
Project("{FAE04EC0-301F-11D3-BF4B-00C04F79EFBC}") = "SOEDU.Entities", "SOEDU.Entities\SOEDU.Entities.csproj", "{872ED7E1-706A-475F-9897-7253C57461AA}"
EndProject
Project("{FAE04EC0-301F-11D3-BF4B-00C04F79EFBC}") = "SOEDU.Repository", "SOEDU.Repository\SOEDU.Repository.csproj", "{1623C5FF-4A44-4717-B41C-D3F963D63288}"
EndProject
Project("{FAE04EC0-301F-11D3-BF4B-00C04F79EFBC}") = "SOEDU.Service", "SOEDU.Service\SOEDU.Service.csproj", "{2644FB4E-FCF2-4CA2-A743-ED92BC08FF6D}"
EndProject
Global
	GlobalSection(SolutionConfigurationPlatforms) = preSolution
		Debug|Any CPU = Debug|Any CPU
		Release|Any CPU = Release|Any CPU
	EndGlobalSection
	GlobalSection(ProjectConfigurationPlatforms) = postSolution
		{BC91F1A3-F5FE-481A-9B81-21EDC151FCCB}.Debug|Any CPU.ActiveCfg = Debug|Any CPU
		{BC91F1A3-F5FE-481A-9B81-21EDC151FCCB}.Debug|Any CPU.Build.0 = Debug|Any CPU
		{BC91F1A3-F5FE-481A-9B81-21EDC151FCCB}.Release|Any CPU.ActiveCfg = Release|Any CPU
		{BC91F1A3-F5FE-481A-9B81-21EDC151FCCB}.Release|Any CPU.Build.0 = Release|Any CPU
		{54DF56D1-AD18-434A-9EF3-1DFFE090E8FF}.Debug|Any CPU.ActiveCfg = Debug|Any CPU
		{54DF56D1-AD18-434A-9EF3-1DFFE090E8FF}.Debug|Any CPU.Build.0 = Debug|Any CPU
		{54DF56D1-AD18-434A-9EF3-1DFFE090E8FF}.Release|Any CPU.ActiveCfg = Release|Any CPU
		{54DF56D1-AD18-434A-9EF3-1DFFE090E8FF}.Release|Any CPU.Build.0 = Release|Any CPU
		{9C1BDE1D-96BF-468D-BE69-59D8B4D55D35}.Debug|Any CPU.ActiveCfg = Debug|Any CPU
		{9C1BDE1D-96BF-468D-BE69-59D8B4D55D35}.Debug|Any CPU.Build.0 = Debug|Any CPU
		{9C1BDE1D-96BF-468D-BE69-59D8B4D55D35}.Release|Any CPU.ActiveCfg = Release|Any CPU
		{9C1BDE1D-96BF-468D-BE69-59D8B4D55D35}.Release|Any CPU.Build.0 = Release|Any CPU
		{E6590E81-254C-47F7-8E18-2CCC886EAF87}.Debug|Any CPU.ActiveCfg = Debug|Any CPU
		{E6590E81-254C-47F7-8E18-2CCC886EAF87}.Debug|Any CPU.Build.0 = Debug|Any CPU
		{E6590E81-254C-47F7-8E18-2CCC886EAF87}.Release|Any CPU.ActiveCfg = Release|Any CPU
		{E6590E81-254C-47F7-8E18-2CCC886EAF87}.Release|Any CPU.Build.0 = Release|Any CPU
		{872ED7E1-706A-475F-9897-7253C57461AA}.Debug|Any CPU.ActiveCfg = Debug|Any CPU
		{872ED7E1-706A-475F-9897-7253C57461AA}.Debug|Any CPU.Build.0 = Debug|Any CPU
		{872ED7E1-706A-475F-9897-7253C57461AA}.Release|Any CPU.ActiveCfg = Release|Any CPU
		{872ED7E1-706A-475F-9897-7253C57461AA}.Release|Any CPU.Build.0 = Release|Any CPU
		{1623C5FF-4A44-4717-B41C-D3F963D63288}.Debug|Any CPU.ActiveCfg = Debug|Any CPU
		{1623C5FF-4A44-4717-B41C-D3F963D63288}.Debug|Any CPU.Build.0 = Debug|Any CPU
		{1623C5FF-4A44-4717-B41C-D3F963D63288}.Release|Any CPU.ActiveCfg = Release|Any CPU
		{1623C5FF-4A44-4717-B41C-D3F963D63288}.Release|Any CPU.Build.0 = Release|Any CPU
		{2644FB4E-FCF2-4CA2-A743-ED92BC08FF6D}.Debug|Any CPU.ActiveCfg = Debug|Any CPU
		{2644FB4E-FCF2-4CA2-A743-ED92BC08FF6D}.Debug|Any CPU.Build.0 = Debug|Any CPU
		{2644FB4E-FCF2-4CA2-A743-ED92BC08FF6D}.Release|Any CPU.ActiveCfg = Release|Any CPU
		{2644FB4E-FCF2-4CA2-A743-ED92BC08FF6D}.Release|Any CPU.Build.0 = Release|Any CPU
	EndGlobalSection
	GlobalSection(SolutionProperties) = preSolution
		HideSolutionNode = FALSE
	EndGlobalSection
EndGlobal
